// !$*UTF8*$!
{
	archiveVersion = 1;
	classes = {
	};
	objectVersion = 77;
	objects = {

/* Begin PBXBuildFile section */
		C120B49D2FE4983600325F4B /* Sentry in Frameworks */ = {isa = PBXBuildFile; productRef = C120B49C2FE4983600325F4B /* Sentry */; };
		C120B4A12FE4983600325F4B /* SentrySwiftUI in Frameworks */ = {isa = PBXBuildFile; productRef = C120B4A02FE4983600325F4B /* SentrySwiftUI */; };
		C120B8EA2FEB4B8E00325F4B /* WodAiAPI in Frameworks */ = {isa = PBXBuildFile; productRef = C120B8E92FEB4B8E00325F4B /* WodAiAPI */; };
		C1446B4F2FE457BD00D7C814 /* WodAiAPI in Frameworks */ = {isa = PBXBuildFile; productRef = C1446B4E2FE457BD00D7C814 /* WodAiAPI */; };
		C181A9392E37AC770083C8C4 /* WodAiAPI in Frameworks */ = {isa = PBXBuildFile; productRef = C181A9382E37AC770083C8C4 /* WodAiAPI */; };
		C18509B22E40045000DA4B14 /* WodAiAPI in Frameworks */ = {isa = PBXBuildFile; productRef = C16299432DB612C7003355D3 /* WodAiAPI */; };
		C18509B32E40045000DA4B14 /* ApolloAPI in Frameworks */ = {isa = PBXBuildFile; productRef = C1C1F7892DB8A517006A7BA4 /* ApolloAPI */; };
		C18509B42E40045000DA4B14 /* WodAiAPI in Frameworks */ = {isa = PBXBuildFile; productRef = C1C1F7B42DB8AA95006A7BA4 /* WodAiAPI */; };
		C18509B52E40045000DA4B14 /* WodAiAPI in Frameworks */ = {isa = PBXBuildFile; productRef = C1D1B9592DBDBA0300932818 /* WodAiAPI */; };
		C18509B62E40045000DA4B14 /* WodAiAPI in Frameworks */ = {isa = PBXBuildFile; productRef = C1D1B95B2DBECF0900932818 /* WodAiAPI */; };
		C18509B72E40045000DA4B14 /* WodAiAPI in Frameworks */ = {isa = PBXBuildFile; productRef = C1D1BA432DBEDB6F00932818 /* WodAiAPI */; };
		C18509B82E40045000DA4B14 /* WodAiAPI in Frameworks */ = {isa = PBXBuildFile; productRef = C1D1BA4A2DBF96B400932818 /* WodAiAPI */; };
		C18509B92E40045000DA4B14 /* WodAiAPI in Frameworks */ = {isa = PBXBuildFile; productRef = C1D1BA512DBFAC0300932818 /* WodAiAPI */; };
		C18509BA2E40045000DA4B14 /* WodAiAPI in Frameworks */ = {isa = PBXBuildFile; productRef = C1F44FA42DF5616900546957 /* WodAiAPI */; };
		C18509BB2E40045000DA4B14 /* WodAiAPI in Frameworks */ = {isa = PBXBuildFile; productRef = C10C1F1B2E01BD6D00457E50 /* WodAiAPI */; };
		C18509BC2E40045000DA4B14 /* WodAiAPI in Frameworks */ = {isa = PBXBuildFile; productRef = C1FD42D02E03BA8D00B4C824 /* WodAiAPI */; };
		C18509BD2E40045000DA4B14 /* WodAiAPI in Frameworks */ = {isa = PBXBuildFile; productRef = C1FD42DB2E03C27200B4C824 /* WodAiAPI */; };
		C18509BE2E40045000DA4B14 /* WodAiAPI in Frameworks */ = {isa = PBXBuildFile; productRef = C12671EF2E03C3A400256993 /* WodAiAPI */; };
		C18509BF2E40045000DA4B14 /* WodAiAPI in Frameworks */ = {isa = PBXBuildFile; productRef = C12671F22E03C44B00256993 /* WodAiAPI */; };
		C18509C02E40045000DA4B14 /* WodAiAPI in Frameworks */ = {isa = PBXBuildFile; productRef = C12671F52E03C4D700256993 /* WodAiAPI */; };
		C18509C12E40045000DA4B14 /* WodAiAPI in Frameworks */ = {isa = PBXBuildFile; productRef = C12671F82E03C55F00256993 /* WodAiAPI */; };
		C18509C22E40045000DA4B14 /* WodAiAPI in Frameworks */ = {isa = PBXBuildFile; productRef = C12671FA2E03C5C200256993 /* WodAiAPI */; };
		C18509C32E40045000DA4B14 /* WodAiAPI in Frameworks */ = {isa = PBXBuildFile; productRef = C126721A2E03C73500256993 /* WodAiAPI */; };
		C18509C42E40045000DA4B14 /* WodAiAPI in Frameworks */ = {isa = PBXBuildFile; productRef = C1E71D632E3682E3008E089E /* WodAiAPI */; };
		C1850AF22E47174100DA4B14 /* WodAiAPI in Frameworks */ = {isa = PBXBuildFile; productRef = C1850AF12E47174100DA4B14 /* WodAiAPI */; };
		C1850AFD2E47871B00DA4B14 /* WodAiAPI in Frameworks */ = {isa = PBXBuildFile; productRef = C1850AFC2E47871B00DA4B14 /* WodAiAPI */; };
		C1850B102E47B92900DA4B14 /* WodAiAPI in Frameworks */ = {isa = PBXBuildFile; productRef = C1850B0F2E47B92900DA4B14 /* WodAiAPI */; };
		C1850B212E49062C00DA4B14 /* WodAiAPI in Frameworks */ = {isa = PBXBuildFile; productRef = C1850B202E49062C00DA4B14 /* WodAiAPI */; };
		C1A12A5A2DBFD2CB00BB4776 /* WodAiAPI in Frameworks */ = {isa = PBXBuildFile; productRef = C1A12A592DBFD2CB00BB4776 /* WodAiAPI */; };
		C1A201CA2E16D9200094E759 /* Base.xcconfig in Resources */ = {isa = PBXBuildFile; fileRef = C1A201C92E16D9200094E759 /* Base.xcconfig */; };
		C1A201CC2E16D92E0094E759 /* Debug.xcconfig in Resources */ = {isa = PBXBuildFile; fileRef = C1A201CB2E16D92E0094E759 /* Debug.xcconfig */; };
		C1A201CE2E16D9370094E759 /* Release.xcconfig in Resources */ = {isa = PBXBuildFile; fileRef = C1A201CD2E16D9370094E759 /* Release.xcconfig */; };
		C1C1F7832DB8A3E6006A7BA4 /* Apollo in Frameworks */ = {isa = PBXBuildFile; productRef = C1C1F7822DB8A3E6006A7BA4 /* Apollo */; };
		C1C1F78F2DB8A71A006A7BA4 /* ApolloSQLite in Frameworks */ = {isa = PBXBuildFile; productRef = C1C1F78E2DB8A71A006A7BA4 /* ApolloSQLite */; };
		C1C1F7912DB8A71A006A7BA4 /* ApolloTestSupport in Frameworks */ = {isa = PBXBuildFile; productRef = C1C1F7902DB8A71A006A7BA4 /* ApolloTestSupport */; };
		C1D1BA3A2DBED84200932818 /* GoogleSignIn in Frameworks */ = {isa = PBXBuildFile; productRef = C1D1BA392DBED84200932818 /* GoogleSignIn */; };
		C1D1BA3C2DBED84200932818 /* GoogleSignInSwift in Frameworks */ = {isa = PBXBuildFile; productRef = C1D1BA3B2DBED84200932818 /* GoogleSignInSwift */; };
		C1FD15712ED7BDDB006D8701 /* ApolloWebSocket in Frameworks */ = {isa = PBXBuildFile; productRef = C1FD15702ED7BDDB006D8701 /* ApolloWebSocket */; };
		C1FD15762ED7C0B2006D8701 /* WodAiAPI in Frameworks */ = {isa = PBXBuildFile; productRef = C1FD15752ED7C0B2006D8701 /* WodAiAPI */; };
/* End PBXBuildFile section */

/* Begin PBXContainerItemProxy section */
		C19950642DB0B9FA00786544 /* PBXContainerItemProxy */ = {
			isa = PBXContainerItemProxy;
			containerPortal = C19950492DB0B9F800786544 /* Project object */;
			proxyType = 1;
			remoteGlobalIDString = C19950502DB0B9F800786544;
			remoteInfo = wodAI;
		};
		C199506E2DB0B9FA00786544 /* PBXContainerItemProxy */ = {
			isa = PBXContainerItemProxy;
			containerPortal = C19950492DB0B9F800786544 /* Project object */;
			proxyType = 1;
			remoteGlobalIDString = C19950502DB0B9F800786544;
			remoteInfo = wodAI;
		};
/* End PBXContainerItemProxy section */

/* Begin PBXFileReference section */
		C19950512DB0B9F800786544 /* wodAI.app */ = {isa = PBXFileReference; explicitFileType = wrapper.application; includeInIndex = 0; path = wodAI.app; sourceTree = BUILT_PRODUCTS_DIR; };
		C19950632DB0B9FA00786544 /* wodAITests.xctest */ = {isa = PBXFileReference; explicitFileType = wrapper.cfbundle; includeInIndex = 0; path = wodAITests.xctest; sourceTree = BUILT_PRODUCTS_DIR; };
		C199506D2DB0B9FA00786544 /* wodAIUITests.xctest */ = {isa = PBXFileReference; explicitFileType = wrapper.cfbundle; includeInIndex = 0; path = wodAIUITests.xctest; sourceTree = BUILT_PRODUCTS_DIR; };
		C1A201C92E16D9200094E759 /* Base.xcconfig */ = {isa = PBXFileReference; lastKnownFileType = text.xcconfig; path = Base.xcconfig; sourceTree = "<group>"; };
		C1A201CB2E16D92E0094E759 /* Debug.xcconfig */ = {isa = PBXFileReference; lastKnownFileType = text.xcconfig; path = Debug.xcconfig; sourceTree = "<group>"; };
		C1A201CD2E16D9370094E759 /* Release.xcconfig */ = {isa = PBXFileReference; lastKnownFileType = text.xcconfig; path = Release.xcconfig; sourceTree = "<group>"; };
/* End PBXFileReference section */

/* Begin PBXFileSystemSynchronizedBuildFileExceptionSet section */
		C1D1BA402DBEDAC300932818 /* Exceptions for "wodAI" folder in "wodAI" target */ = {
			isa = PBXFileSystemSynchronizedBuildFileExceptionSet;
			membershipExceptions = (
				GraphQL/CompletedWods.graphql,
				GraphQL/CreateGymProfile.graphql,
				GraphQL/DeleteGymProfile.graphql,
				GraphQL/GymProfile.graphql,
				GraphQL/SetActiveGymProfile.graphql,
				GraphQL/SignInWithGoogle.graphql,
				GraphQL/UpdateGymProfile.graphql,
				Info.plist,
			);
			target = C19950502DB0B9F800786544 /* wodAI */;
		};
/* End PBXFileSystemSynchronizedBuildFileExceptionSet section */

/* Begin PBXFileSystemSynchronizedGroupBuildPhaseMembershipExceptionSet section */
		C1D1BA412DBEDAC300932818 /* Exceptions for "wodAI" folder in "Compile Sources" phase from "wodAI" target */ = {
			isa = PBXFileSystemSynchronizedGroupBuildPhaseMembershipExceptionSet;
			buildPhase = C199504D2DB0B9F800786544 /* Sources */;
			membershipExceptions = (
				GraphQL/CompletedWods.graphql,
				GraphQL/CreateGymProfile.graphql,
				GraphQL/DeleteGymProfile.graphql,
				GraphQL/GymProfile.graphql,
				GraphQL/SetActiveGymProfile.graphql,
				GraphQL/SignInWithGoogle.graphql,
				GraphQL/UpdateGymProfile.graphql,
			);
		};
/* End PBXFileSystemSynchronizedGroupBuildPhaseMembershipExceptionSet section */

/* Begin PBXFileSystemSynchronizedRootGroup section */
		C19950532DB0B9F800786544 /* wodAI */ = {
			isa = PBXFileSystemSynchronizedRootGroup;
			exceptions = (
				C1D1BA402DBEDAC300932818 /* Exceptions for "wodAI" folder in "wodAI" target */,
				C1D1BA412DBEDAC300932818 /* Exceptions for "wodAI" folder in "Compile Sources" phase from "wodAI" target */,
			);
			path = wodAI;
			sourceTree = "<group>";
		};
		C19950662DB0B9FA00786544 /* wodAITests */ = {
			isa = PBXFileSystemSynchronizedRootGroup;
			path = wodAITests;
			sourceTree = "<group>";
		};
		C19950702DB0B9FA00786544 /* wodAIUITests */ = {
			isa = PBXFileSystemSynchronizedRootGroup;
			path = wodAIUITests;
			sourceTree = "<group>";
		};
/* End PBXFileSystemSynchronizedRootGroup section */

/* Begin PBXFrameworksBuildPhase section */
		C199504E2DB0B9F800786544 /* Frameworks */ = {
			isa = PBXFrameworksBuildPhase;
			buildActionMask = 2147483647;
			files = (
				C1850B102E47B92900DA4B14 /* WodAiAPI in Frameworks */,
				C120B4A12FE4983600325F4B /* SentrySwiftUI in Frameworks */,
				C18509C42E40045000DA4B14 /* WodAiAPI in Frameworks */,
				C18509C32E40045000DA4B14 /* WodAiAPI in Frameworks */,
				C18509C22E40045000DA4B14 /* WodAiAPI in Frameworks */,
				C18509C12E40045000DA4B14 /* WodAiAPI in Frameworks */,
				C1850AF22E47174100DA4B14 /* WodAiAPI in Frameworks */,
				C18509C02E40045000DA4B14 /* WodAiAPI in Frameworks */,
				C18509BF2E40045000DA4B14 /* WodAiAPI in Frameworks */,
				C18509BE2E40045000DA4B14 /* WodAiAPI in Frameworks */,
				C18509BD2E40045000DA4B14 /* WodAiAPI in Frameworks */,
				C1850B212E49062C00DA4B14 /* WodAiAPI in Frameworks */,
				C18509BC2E40045000DA4B14 /* WodAiAPI in Frameworks */,
				C18509BB2E40045000DA4B14 /* WodAiAPI in Frameworks */,
				C18509BA2E40045000DA4B14 /* WodAiAPI in Frameworks */,
				C1FD15712ED7BDDB006D8701 /* ApolloWebSocket in Frameworks */,
				C18509B92E40045000DA4B14 /* WodAiAPI in Frameworks */,
				C18509B82E40045000DA4B14 /* WodAiAPI in Frameworks */,
				C1850AFD2E47871B00DA4B14 /* WodAiAPI in Frameworks */,
				C18509B72E40045000DA4B14 /* WodAiAPI in Frameworks */,
				C18509B62E40045000DA4B14 /* WodAiAPI in Frameworks */,
				C18509B52E40045000DA4B14 /* WodAiAPI in Frameworks */,
				C120B8EA2FEB4B8E00325F4B /* WodAiAPI in Frameworks */,
				C18509B42E40045000DA4B14 /* WodAiAPI in Frameworks */,
				C1FD15762ED7C0B2006D8701 /* WodAiAPI in Frameworks */,
				C18509B32E40045000DA4B14 /* ApolloAPI in Frameworks */,
				C18509B22E40045000DA4B14 /* WodAiAPI in Frameworks */,
				C181A9392E37AC770083C8C4 /* WodAiAPI in Frameworks */,
				C1A12A5A2DBFD2CB00BB4776 /* WodAiAPI in Frameworks */,
				C1C1F7832DB8A3E6006A7BA4 /* Apollo in Frameworks */,
				C1446B4F2FE457BD00D7C814 /* WodAiAPI in Frameworks */,
				C1C1F78F2DB8A71A006A7BA4 /* ApolloSQLite in Frameworks */,
				C1C1F7912DB8A71A006A7BA4 /* ApolloTestSupport in Frameworks */,
				C120B49D2FE4983600325F4B /* Sentry in Frameworks */,
				C1D1BA3C2DBED84200932818 /* GoogleSignInSwift in Frameworks */,
				C1D1BA3A2DBED84200932818 /* GoogleSignIn in Frameworks */,
			);
			runOnlyForDeploymentPostprocessing = 0;
		};
		C19950602DB0B9FA00786544 /* Frameworks */ = {
			isa = PBXFrameworksBuildPhase;
			buildActionMask = 2147483647;
			files = (
			);
			runOnlyForDeploymentPostprocessing = 0;
		};
		C199506A2DB0B9FA00786544 /* Frameworks */ = {
			isa = PBXFrameworksBuildPhase;
			buildActionMask = 2147483647;
			files = (
			);
			runOnlyForDeploymentPostprocessing = 0;
		};
/* End PBXFrameworksBuildPhase section */

/* Begin PBXGroup section */
		C19950482DB0B9F800786544 = {
			isa = PBXGroup;
			children = (
				C1A201CD2E16D9370094E759 /* Release.xcconfig */,
				C1A201CB2E16D92E0094E759 /* Debug.xcconfig */,
				C1A201C92E16D9200094E759 /* Base.xcconfig */,
				C19950532DB0B9F800786544 /* wodAI */,
				C19950662DB0B9FA00786544 /* wodAITests */,
				C19950702DB0B9FA00786544 /* wodAIUITests */,
				C19950522DB0B9F800786544 /* Products */,
				C1C1F7AD2DB8A926006A7BA4 /* Frameworks */,
			);
			sourceTree = "<group>";
		};
		C19950522DB0B9F800786544 /* Products */ = {
			isa = PBXGroup;
			children = (
				C19950512DB0B9F800786544 /* wodAI.app */,
				C19950632DB0B9FA00786544 /* wodAITests.xctest */,
				C199506D2DB0B9FA00786544 /* wodAIUITests.xctest */,
			);
			name = Products;
			sourceTree = "<group>";
		};
		C1C1F7AD2DB8A926006A7BA4 /* Frameworks */ = {
			isa = PBXGroup;
			children = (
			);
			name = Frameworks;
			sourceTree = "<group>";
		};
/* End PBXGroup section */

/* Begin PBXNativeTarget section */
		C19950502DB0B9F800786544 /* wodAI */ = {
			isa = PBXNativeTarget;
			buildConfigurationList = C19950772DB0B9FA00786544 /* Build configuration list for PBXNativeTarget "wodAI" */;
			buildPhases = (
				C16298DF2DB5B1B5003355D3 /* ShellScript */,
				C199504E2DB0B9F800786544 /* Frameworks */,
				C199504D2DB0B9F800786544 /* Sources */,
				C199504F2DB0B9F800786544 /* Resources */,
			);
			buildRules = (
			);
			dependencies = (
			);
			fileSystemSynchronizedGroups = (
				C19950532DB0B9F800786544 /* wodAI */,
			);
			name = wodAI;
			packageProductDependencies = (
				C16299432DB612C7003355D3 /* WodAiAPI */,
				C1C1F7822DB8A3E6006A7BA4 /* Apollo */,
				C1C1F7892DB8A517006A7BA4 /* ApolloAPI */,
				C1C1F78E2DB8A71A006A7BA4 /* ApolloSQLite */,
				C1C1F7902DB8A71A006A7BA4 /* ApolloTestSupport */,
				C1C1F7B42DB8AA95006A7BA4 /* WodAiAPI */,
				C1D1B9592DBDBA0300932818 /* WodAiAPI */,
				C1D1B95B2DBECF0900932818 /* WodAiAPI */,
				C1D1BA392DBED84200932818 /* GoogleSignIn */,
				C1D1BA3B2DBED84200932818 /* GoogleSignInSwift */,
				C1D1BA432DBEDB6F00932818 /* WodAiAPI */,
				C1D1BA4A2DBF96B400932818 /* WodAiAPI */,
				C1D1BA512DBFAC0300932818 /* WodAiAPI */,
				C1A12A592DBFD2CB00BB4776 /* WodAiAPI */,
				C1F44FA42DF5616900546957 /* WodAiAPI */,
				C10C1F1B2E01BD6D00457E50 /* WodAiAPI */,
				C1FD42D02E03BA8D00B4C824 /* WodAiAPI */,
				C1FD42DB2E03C27200B4C824 /* WodAiAPI */,
				C12671EF2E03C3A400256993 /* WodAiAPI */,
				C12671F22E03C44B00256993 /* WodAiAPI */,
				C12671F52E03C4D700256993 /* WodAiAPI */,
				C12671F82E03C55F00256993 /* WodAiAPI */,
				C12671FA2E03C5C200256993 /* WodAiAPI */,
				C126721A2E03C73500256993 /* WodAiAPI */,
				C1E71D632E3682E3008E089E /* WodAiAPI */,
				C181A9382E37AC770083C8C4 /* WodAiAPI */,
				C1850AF12E47174100DA4B14 /* WodAiAPI */,
				C1850AFC2E47871B00DA4B14 /* WodAiAPI */,
				C1850B0F2E47B92900DA4B14 /* WodAiAPI */,
				C1850B202E49062C00DA4B14 /* WodAiAPI */,
				C1FD15702ED7BDDB006D8701 /* ApolloWebSocket */,
				C1FD15752ED7C0B2006D8701 /* WodAiAPI */,
				C1446B4E2FE457BD00D7C814 /* WodAiAPI */,
				C120B49C2FE4983600325F4B /* Sentry */,
				C120B4A02FE4983600325F4B /* SentrySwiftUI */,
				C120B8E92FEB4B8E00325F4B /* WodAiAPI */,
			);
			productName = wodAI;
			productReference = C19950512DB0B9F800786544 /* wodAI.app */;
			productType = "com.apple.product-type.application";
		};
		C19950622DB0B9FA00786544 /* wodAITests */ = {
			isa = PBXNativeTarget;
			buildConfigurationList = C199507A2DB0B9FA00786544 /* Build configuration list for PBXNativeTarget "wodAITests" */;
			buildPhases = (
				C199505F2DB0B9FA00786544 /* Sources */,
				C19950602DB0B9FA00786544 /* Frameworks */,
				C19950612DB0B9FA00786544 /* Resources */,
			);
			buildRules = (
			);
			dependencies = (
				C19950652DB0B9FA00786544 /* PBXTargetDependency */,
			);
			fileSystemSynchronizedGroups = (
				C19950662DB0B9FA00786544 /* wodAITests */,
			);
			name = wodAITests;
			packageProductDependencies = (
			);
			productName = wodAITests;
			productReference = C19950632DB0B9FA00786544 /* wodAITests.xctest */;
			productType = "com.apple.product-type.bundle.unit-test";
		};
		C199506C2DB0B9FA00786544 /* wodAIUITests */ = {
			isa = PBXNativeTarget;
			buildConfigurationList = C199507D2DB0B9FA00786544 /* Build configuration list for PBXNativeTarget "wodAIUITests" */;
			buildPhases = (
				C19950692DB0B9FA00786544 /* Sources */,
				C199506A2DB0B9FA00786544 /* Frameworks */,
				C199506B2DB0B9FA00786544 /* Resources */,
			);
			buildRules = (
			);
			dependencies = (
				C199506F2DB0B9FA00786544 /* PBXTargetDependency */,
			);
			fileSystemSynchronizedGroups = (
				C19950702DB0B9FA00786544 /* wodAIUITests */,
			);
			name = wodAIUITests;
			packageProductDependencies = (
			);
			productName = wodAIUITests;
			productReference = C199506D2DB0B9FA00786544 /* wodAIUITests.xctest */;
			productType = "com.apple.product-type.bundle.ui-testing";
		};
/* End PBXNativeTarget section */

/* Begin PBXProject section */
		C19950492DB0B9F800786544 /* Project object */ = {
			isa = PBXProject;
			attributes = {
				BuildIndependentTargetsInParallel = 1;
				LastSwiftUpdateCheck = 1600;
				LastUpgradeCheck = 1600;
				TargetAttributes = {
					C19950502DB0B9F800786544 = {
						CreatedOnToolsVersion = 16.0;
					};
					C19950622DB0B9FA00786544 = {
						CreatedOnToolsVersion = 16.0;
						TestTargetID = C19950502DB0B9F800786544;
					};
					C199506C2DB0B9FA00786544 = {
						CreatedOnToolsVersion = 16.0;
						TestTargetID = C19950502DB0B9F800786544;
					};
				};
			};
			buildConfigurationList = C199504C2DB0B9F800786544 /* Build configuration list for PBXProject "wodAI" */;
			developmentRegion = en;
			hasScannedForEncodings = 0;
			knownRegions = (
				en,
				Base,
			);
			mainGroup = C19950482DB0B9F800786544;
			minimizedProjectReferenceProxies = 1;
			packageReferences = (
				C16298DC2DB5AD4D003355D3 /* XCRemoteSwiftPackageReference "apollo-ios" */,
				C1D1BA382DBED84200932818 /* XCRemoteSwiftPackageReference "GoogleSignIn-iOS" */,
				C120B49B2FE4983600325F4B /* XCRemoteSwiftPackageReference "sentry-cocoa" */,
				C120B8E82FEB4B8E00325F4B /* XCLocalSwiftPackageReference "wodAiAPI" */,
			);
			preferredProjectObjectVersion = 77;
			productRefGroup = C19950522DB0B9F800786544 /* Products */;
			projectDirPath = "";
			projectRoot = "";
			targets = (
				C19950502DB0B9F800786544 /* wodAI */,
				C19950622DB0B9FA00786544 /* wodAITests */,
				C199506C2DB0B9FA00786544 /* wodAIUITests */,
			);
		};
/* End PBXProject section */

/* Begin PBXResourcesBuildPhase section */
		C199504F2DB0B9F800786544 /* Resources */ = {
			isa = PBXResourcesBuildPhase;
			buildActionMask = 2147483647;
			files = (
				C1A201CC2E16D92E0094E759 /* Debug.xcconfig in Resources */,
				C1A201CE2E16D9370094E759 /* Release.xcconfig in Resources */,
				C1A201CA2E16D9200094E759 /* Base.xcconfig in Resources */,
			);
			runOnlyForDeploymentPostprocessing = 0;
		};
		C19950612DB0B9FA00786544 /* Resources */ = {
			isa = PBXResourcesBuildPhase;
			buildActionMask = 2147483647;
			files = (
			);
			runOnlyForDeploymentPostprocessing = 0;
		};
		C199506B2DB0B9FA00786544 /* Resources */ = {
			isa = PBXResourcesBuildPhase;
			buildActionMask = 2147483647;
			files = (
			);
			runOnlyForDeploymentPostprocessing = 0;
		};
/* End PBXResourcesBuildPhase section */

/* Begin PBXShellScriptBuildPhase section */
		C16298DF2DB5B1B5003355D3 /* ShellScript */ = {
			isa = PBXShellScriptBuildPhase;
			buildActionMask = 2147483647;
			files = (
			);
			inputFileListPaths = (
			);
			inputPaths = (
			);
			outputFileListPaths = (
			);
			outputPaths = (
			);
			runOnlyForDeploymentPostprocessing = 0;
			shellPath = /bin/sh;
			shellScript = "# Type a script or drag a script file from your workspace to insert its path.\necho \"true\"\n";
		};
/* End PBXShellScriptBuildPhase section */

/* Begin PBXSourcesBuildPhase section */
		C199504D2DB0B9F800786544 /* Sources */ = {
			isa = PBXSourcesBuildPhase;
			buildActionMask = 2147483647;
			files = (
			);
			runOnlyForDeploymentPostprocessing = 0;
		};
		C199505F2DB0B9FA00786544 /* Sources */ = {
			isa = PBXSourcesBuildPhase;
			buildActionMask = 2147483647;
			files = (
			);
			runOnlyForDeploymentPostprocessing = 0;
		};
		C19950692DB0B9FA00786544 /* Sources */ = {
			isa = PBXSourcesBuildPhase;
			buildActionMask = 2147483647;
			files = (
			);
			runOnlyForDeploymentPostprocessing = 0;
		};
/* End PBXSourcesBuildPhase section */

/* Begin PBXTargetDependency section */
		C19950652DB0B9FA00786544 /* PBXTargetDependency */ = {
			isa = PBXTargetDependency;
			target = C19950502DB0B9F800786544 /* wodAI */;
			targetProxy = C19950642DB0B9FA00786544 /* PBXContainerItemProxy */;
		};
		C199506F2DB0B9FA00786544 /* PBXTargetDependency */ = {
			isa = PBXTargetDependency;
			target = C19950502DB0B9F800786544 /* wodAI */;
			targetProxy = C199506E2DB0B9FA00786544 /* PBXContainerItemProxy */;
		};
/* End PBXTargetDependency section */

/* Begin XCBuildConfiguration section */
		C19950752DB0B9FA00786544 /* Debug */ = {
			isa = XCBuildConfiguration;
			buildSettings = {
				ALWAYS_SEARCH_USER_PATHS = NO;
				ASSETCATALOG_COMPILER_GENERATE_SWIFT_ASSET_SYMBOL_EXTENSIONS = YES;
				CLANG_ANALYZER_NONNULL = YES;
				CLANG_ANALYZER_NUMBER_OBJECT_CONVERSION = YES_AGGRESSIVE;
				CLANG_CXX_LANGUAGE_STANDARD = "gnu++20";
				CLANG_ENABLE_MODULES = YES;
				CLANG_ENABLE_OBJC_ARC = YES;
				CLANG_ENABLE_OBJC_WEAK = YES;
				CLANG_WARN_BLOCK_CAPTURE_AUTORELEASING = YES;
				CLANG_WARN_BOOL_CONVERSION = YES;
				CLANG_WARN_COMMA = YES;
				CLANG_WARN_CONSTANT_CONVERSION = YES;
				CLANG_WARN_DEPRECATED_OBJC_IMPLEMENTATIONS = YES;
				CLANG_WARN_DIRECT_OBJC_ISA_USAGE = YES_ERROR;
				CLANG_WARN_DOCUMENTATION_COMMENTS = YES;
				CLANG_WARN_EMPTY_BODY = YES;
				CLANG_WARN_ENUM_CONVERSION = YES;
				CLANG_WARN_INFINITE_RECURSION = YES;
				CLANG_WARN_INT_CONVERSION = YES;
				CLANG_WARN_NON_LITERAL_NULL_CONVERSION = YES;
				CLANG_WARN_OBJC_IMPLICIT_RETAIN_SELF = YES;
				CLANG_WARN_OBJC_LITERAL_CONVERSION = YES;
				CLANG_WARN_OBJC_ROOT_CLASS = YES_ERROR;
				CLANG_WARN_QUOTED_INCLUDE_IN_FRAMEWORK_HEADER = YES;
				CLANG_WARN_RANGE_LOOP_ANALYSIS = YES;
				CLANG_WARN_STRICT_PROTOTYPES = YES;
				CLANG_WARN_SUSPICIOUS_MOVE = YES;
				CLANG_WARN_UNGUARDED_AVAILABILITY = YES_AGGRESSIVE;
				CLANG_WARN_UNREACHABLE_CODE = YES;
				CLANG_WARN__DUPLICATE_METHOD_MATCH = YES;
				COPY_PHASE_STRIP = NO;
				DEBUG_INFORMATION_FORMAT = dwarf;
				DEVELOPMENT_TEAM = 7SH9PCQBLP;
				ENABLE_STRICT_OBJC_MSGSEND = YES;
				ENABLE_TESTABILITY = YES;
				ENABLE_USER_SCRIPT_SANDBOXING = YES;
				GCC_C_LANGUAGE_STANDARD = gnu17;
				GCC_DYNAMIC_NO_PIC = NO;
				GCC_NO_COMMON_BLOCKS = YES;
				GCC_OPTIMIZATION_LEVEL = 0;
				GCC_PREPROCESSOR_DEFINITIONS = (
					"DEBUG=1",
					"$(inherited)",
				);
				GCC_WARN_64_TO_32_BIT_CONVERSION = YES;
				GCC_WARN_ABOUT_RETURN_TYPE = YES_ERROR;
				GCC_WARN_UNDECLARED_SELECTOR = YES;
				GCC_WARN_UNINITIALIZED_AUTOS = YES_AGGRESSIVE;
				GCC_WARN_UNUSED_FUNCTION = YES;
				GCC_WARN_UNUSED_VARIABLE = YES;
				IPHONEOS_DEPLOYMENT_TARGET = 18.0;
				LOCALIZATION_PREFERS_STRING_CATALOGS = YES;
				MTL_ENABLE_DEBUG_INFO = INCLUDE_SOURCE;
				MTL_FAST_MATH = YES;
				ONLY_ACTIVE_ARCH = YES;
				SDKROOT = iphoneos;
				SWIFT_ACTIVE_COMPILATION_CONDITIONS = "DEBUG $(inherited)";
				SWIFT_OPTIMIZATION_LEVEL = "-Onone";
			};
			name = Debug;
		};
		C19950762DB0B9FA00786544 /* Release */ = {
			isa = XCBuildConfiguration;
			buildSettings = {
				ALWAYS_SEARCH_USER_PATHS = NO;
				ASSETCATALOG_COMPILER_GENERATE_SWIFT_ASSET_SYMBOL_EXTENSIONS = YES;
				CLANG_ANALYZER_NONNULL = YES;
				CLANG_ANALYZER_NUMBER_OBJECT_CONVERSION = YES_AGGRESSIVE;
				CLANG_CXX_LANGUAGE_STANDARD = "gnu++20";
				CLANG_ENABLE_MODULES = YES;
				CLANG_ENABLE_OBJC_ARC = YES;
				CLANG_ENABLE_OBJC_WEAK = YES;
				CLANG_WARN_BLOCK_CAPTURE_AUTORELEASING = YES;
				CLANG_WARN_BOOL_CONVERSION = YES;
				CLANG_WARN_COMMA = YES;
				CLANG_WARN_CONSTANT_CONVERSION = YES;
				CLANG_WARN_DEPRECATED_OBJC_IMPLEMENTATIONS = YES;
				CLANG_WARN_DIRECT_OBJC_ISA_USAGE = YES_ERROR;
				CLANG_WARN_DOCUMENTATION_COMMENTS = YES;
				CLANG_WARN_EMPTY_BODY = YES;
				CLANG_WARN_ENUM_CONVERSION = YES;
				CLANG_WARN_INFINITE_RECURSION = YES;
				CLANG_WARN_INT_CONVERSION = YES;
				CLANG_WARN_NON_LITERAL_NULL_CONVERSION = YES;
				CLANG_WARN_OBJC_IMPLICIT_RETAIN_SELF = YES;
				CLANG_WARN_OBJC_LITERAL_CONVERSION = YES;
				CLANG_WARN_OBJC_ROOT_CLASS = YES_ERROR;
				CLANG_WARN_QUOTED_INCLUDE_IN_FRAMEWORK_HEADER = YES;
				CLANG_WARN_RANGE_LOOP_ANALYSIS = YES;
				CLANG_WARN_STRICT_PROTOTYPES = YES;
				CLANG_WARN_SUSPICIOUS_MOVE = YES;
				CLANG_WARN_UNGUARDED_AVAILABILITY = YES_AGGRESSIVE;
				CLANG_WARN_UNREACHABLE_CODE = YES;
				CLANG_WARN__DUPLICATE_METHOD_MATCH = YES;
				COPY_PHASE_STRIP = NO;
				DEBUG_INFORMATION_FORMAT = "dwarf-with-dsym";
				DEVELOPMENT_TEAM = 7SH9PCQBLP;
				ENABLE_NS_ASSERTIONS = NO;
				ENABLE_STRICT_OBJC_MSGSEND = YES;
				ENABLE_USER_SCRIPT_SANDBOXING = YES;
				GCC_C_LANGUAGE_STANDARD = gnu17;
				GCC_NO_COMMON_BLOCKS = YES;
				GCC_WARN_64_TO_32_BIT_CONVERSION = YES;
				GCC_WARN_ABOUT_RETURN_TYPE = YES_ERROR;
				GCC_WARN_UNDECLARED_SELECTOR = YES;
				GCC_WARN_UNINITIALIZED_AUTOS = YES_AGGRESSIVE;
				GCC_WARN_UNUSED_FUNCTION = YES;
				GCC_WARN_UNUSED_VARIABLE = YES;
				IPHONEOS_DEPLOYMENT_TARGET = 18.0;
				LOCALIZATION_PREFERS_STRING_CATALOGS = YES;
				MTL_ENABLE_DEBUG_INFO = NO;
				MTL_FAST_MATH = YES;
				SDKROOT = iphoneos;
				SWIFT_COMPILATION_MODE = wholemodule;
				VALIDATE_PRODUCT = YES;
			};
			name = Release;
		};
		C19950782DB0B9FA00786544 /* Debug */ = {
			isa = XCBuildConfiguration;
			buildSettings = {
				ASSETCATALOG_COMPILER_APPICON_NAME = AppIcon;
				ASSETCATALOG_COMPILER_GLOBAL_ACCENT_COLOR_NAME = AccentColor;
				CODE_SIGN_ENTITLEMENTS = wodAI/wodAI.entitlements;
				CODE_SIGN_STYLE = Automatic;
				CURRENT_PROJECT_VERSION = 1;
				DEVELOPMENT_ASSET_PATHS = "\"wodAI/Preview Content\"";
				DEVELOPMENT_TEAM = 7SH9PCQBLP;
				ENABLE_PREVIEWS = YES;
				GENERATE_INFOPLIST_FILE = YES;
				INFOPLIST_FILE = wodAI/Info.plist;
				INFOPLIST_KEY_UIApplicationSceneManifest_Generation = YES;
				INFOPLIST_KEY_UIApplicationSupportsIndirectInputEvents = YES;
				INFOPLIST_KEY_UILaunchScreen_Generation = YES;
				INFOPLIST_KEY_UISupportedInterfaceOrientations_iPad = "UIInterfaceOrientationPortrait UIInterfaceOrientationPortraitUpsideDown UIInterfaceOrientationLandscapeLeft UIInterfaceOrientationLandscapeRight";
				INFOPLIST_KEY_UISupportedInterfaceOrientations_iPhone = "UIInterfaceOrientationPortrait UIInterfaceOrientationLandscapeLeft UIInterfaceOrientationLandscapeRight";
				LD_RUNPATH_SEARCH_PATHS = (
					"$(inherited)",
					"@executable_path/Frameworks",
				);
				MARKETING_VERSION = 1.0;
				PRODUCT_BUNDLE_IDENTIFIER = com.adapt.wodAI;
				PRODUCT_NAME = "$(TARGET_NAME)";
				SWIFT_EMIT_LOC_STRINGS = YES;
				SWIFT_VERSION = 5.0;
				TARGETED_DEVICE_FAMILY = "1,2";
			};
			name = Debug;
		};
		C19950792DB0B9FA00786544 /* Release */ = {
			isa = XCBuildConfiguration;
			buildSettings = {
				ASSETCATALOG_COMPILER_APPICON_NAME = AppIcon;
				ASSETCATALOG_COMPILER_GLOBAL_ACCENT_COLOR_NAME = AccentColor;
				CODE_SIGN_ENTITLEMENTS = wodAI/wodAI.entitlements;
				CODE_SIGN_STYLE = Automatic;
				CURRENT_PROJECT_VERSION = 1;
				DEVELOPMENT_ASSET_PATHS = "\"wodAI/Preview Content\"";
				DEVELOPMENT_TEAM = 7SH9PCQBLP;
				ENABLE_PREVIEWS = YES;
				GENERATE_INFOPLIST_FILE = YES;
				INFOPLIST_FILE = wodAI/Info.plist;
				INFOPLIST_KEY_UIApplicationSceneManifest_Generation = YES;
				INFOPLIST_KEY_UIApplicationSupportsIndirectInputEvents = YES;
				INFOPLIST_KEY_UILaunchScreen_Generation = YES;
				INFOPLIST_KEY_UISupportedInterfaceOrientations_iPad = "UIInterfaceOrientationPortrait UIInterfaceOrientationPortraitUpsideDown UIInterfaceOrientationLandscapeLeft UIInterfaceOrientationLandscapeRight";
				INFOPLIST_KEY_UISupportedInterfaceOrientations_iPhone = "UIInterfaceOrientationPortrait UIInterfaceOrientationLandscapeLeft UIInterfaceOrientationLandscapeRight";
				LD_RUNPATH_SEARCH_PATHS = (
					"$(inherited)",
					"@executable_path/Frameworks",
				);
				MARKETING_VERSION = 1.0;
				PRODUCT_BUNDLE_IDENTIFIER = com.adapt.wodAI;
				PRODUCT_NAME = "$(TARGET_NAME)";
				SWIFT_EMIT_LOC_STRINGS = YES;
				SWIFT_VERSION = 5.0;
				TARGETED_DEVICE_FAMILY = "1,2";
			};
			name = Release;
		};
		C199507B2DB0B9FA00786544 /* Debug */ = {
			isa = XCBuildConfiguration;
			buildSettings = {
				BUNDLE_LOADER = "$(TEST_HOST)";
				CODE_SIGN_STYLE = Automatic;
				CURRENT_PROJECT_VERSION = 1;
				DEVELOPMENT_TEAM = 7SH9PCQBLP;
				GENERATE_INFOPLIST_FILE = YES;
				IPHONEOS_DEPLOYMENT_TARGET = 18.0;
				MARKETING_VERSION = 1.0;
				PRODUCT_BUNDLE_IDENTIFIER = com.adapt.wodAITests;
				PRODUCT_NAME = "$(TARGET_NAME)";
				SWIFT_EMIT_LOC_STRINGS = NO;
				SWIFT_VERSION = 5.0;
				TARGETED_DEVICE_FAMILY = "1,2";
				TEST_HOST = "$(BUILT_PRODUCTS_DIR)/wodAI.app/$(BUNDLE_EXECUTABLE_FOLDER_PATH)/wodAI";
			};
			name = Debug;
		};
		C199507C2DB0B9FA00786544 /* Release */ = {
			isa = XCBuildConfiguration;
			buildSettings = {
				BUNDLE_LOADER = "$(TEST_HOST)";
				CODE_SIGN_STYLE = Automatic;
				CURRENT_PROJECT_VERSION = 1;
				DEVELOPMENT_TEAM = 7SH9PCQBLP;
				GENERATE_INFOPLIST_FILE = YES;
				IPHONEOS_DEPLOYMENT_TARGET = 18.0;
				MARKETING_VERSION = 1.0;
				PRODUCT_BUNDLE_IDENTIFIER = com.adapt.wodAITests;
				PRODUCT_NAME = "$(TARGET_NAME)";
				SWIFT_EMIT_LOC_STRINGS = NO;
				SWIFT_VERSION = 5.0;
				TARGETED_DEVICE_FAMILY = "1,2";
				TEST_HOST = "$(BUILT_PRODUCTS_DIR)/wodAI.app/$(BUNDLE_EXECUTABLE_FOLDER_PATH)/wodAI";
			};
			name = Release;
		};
		C199507E2DB0B9FA00786544 /* Debug */ = {
			isa = XCBuildConfiguration;
			buildSettings = {
				CODE_SIGN_STYLE = Automatic;
				CURRENT_PROJECT_VERSION = 1;
				DEVELOPMENT_TEAM = 7SH9PCQBLP;
				GENERATE_INFOPLIST_FILE = YES;
				MARKETING_VERSION = 1.0;
				PRODUCT_BUNDLE_IDENTIFIER = com.adapt.wodAIUITests;
				PRODUCT_NAME = "$(TARGET_NAME)";
				SWIFT_EMIT_LOC_STRINGS = NO;
				SWIFT_VERSION = 5.0;
				TARGETED_DEVICE_FAMILY = "1,2";
				TEST_TARGET_NAME = wodAI;
			};
			name = Debug;
		};
		C199507F2DB0B9FA00786544 /* Release */ = {
			isa = XCBuildConfiguration;
			buildSettings = {
				CODE_SIGN_STYLE = Automatic;
				CURRENT_PROJECT_VERSION = 1;
				DEVELOPMENT_TEAM = 7SH9PCQBLP;
				GENERATE_INFOPLIST_FILE = YES;
				MARKETING_VERSION = 1.0;
				PRODUCT_BUNDLE_IDENTIFIER = com.adapt.wodAIUITests;
				PRODUCT_NAME = "$(TARGET_NAME)";
				SWIFT_EMIT_LOC_STRINGS = NO;
				SWIFT_VERSION = 5.0;
				TARGETED_DEVICE_FAMILY = "1,2";
				TEST_TARGET_NAME = wodAI;
			};
			name = Release;
		};
/* End XCBuildConfiguration section */

/* Begin XCConfigurationList section */
		C199504C2DB0B9F800786544 /* Build configuration list for PBXProject "wodAI" */ = {
			isa = XCConfigurationList;
			buildConfigurations = (
				C19950752DB0B9FA00786544 /* Debug */,
				C19950762DB0B9FA00786544 /* Release */,
			);
			defaultConfigurationIsVisible = 0;
			defaultConfigurationName = Release;
		};
		C19950772DB0B9FA00786544 /* Build configuration list for PBXNativeTarget "wodAI" */ = {
			isa = XCConfigurationList;
			buildConfigurations = (
				C19950782DB0B9FA00786544 /* Debug */,
				C19950792DB0B9FA00786544 /* Release */,
			);
			defaultConfigurationIsVisible = 0;
			defaultConfigurationName = Release;
		};
		C199507A2DB0B9FA00786544 /* Build configuration list for PBXNativeTarget "wodAITests" */ = {
			isa = XCConfigurationList;
			buildConfigurations = (
				C199507B2DB0B9FA00786544 /* Debug */,
				C199507C2DB0B9FA00786544 /* Release */,
			);
			defaultConfigurationIsVisible = 0;
			defaultConfigurationName = Release;
		};
		C199507D2DB0B9FA00786544 /* Build configuration list for PBXNativeTarget "wodAIUITests" */ = {
			isa = XCConfigurationList;
			buildConfigurations = (
				C199507E2DB0B9FA00786544 /* Debug */,
				C199507F2DB0B9FA00786544 /* Release */,
			);
			defaultConfigurationIsVisible = 0;
			defaultConfigurationName = Release;
		};
/* End XCConfigurationList section */

/* Begin XCLocalSwiftPackageReference section */
		C120B8E82FEB4B8E00325F4B /* XCLocalSwiftPackageReference "wodAiAPI" */ = {
			isa = XCLocalSwiftPackageReference;
			relativePath = wodAiAPI;
		};
/* End XCLocalSwiftPackageReference section */

/* Begin XCRemoteSwiftPackageReference section */
		C120B49B2FE4983600325F4B /* XCRemoteSwiftPackageReference "sentry-cocoa" */ = {
			isa = XCRemoteSwiftPackageReference;
			repositoryURL = "https://github.com/getsentry/sentry-cocoa";
			requirement = {
				kind = upToNextMajorVersion;
				minimumVersion = 9.18.0;
			};
		};
		C16298DC2DB5AD4D003355D3 /* XCRemoteSwiftPackageReference "apollo-ios" */ = {
			isa = XCRemoteSwiftPackageReference;
			repositoryURL = "https://github.com/apollographql/apollo-ios.git";
			requirement = {
				kind = upToNextMajorVersion;
				minimumVersion = 1.20.0;
			};
		};
		C1D1BA382DBED84200932818 /* XCRemoteSwiftPackageReference "GoogleSignIn-iOS" */ = {
			isa = XCRemoteSwiftPackageReference;
			repositoryURL = "https://github.com/google/GoogleSignIn-iOS";
			requirement = {
				kind = upToNextMajorVersion;
				minimumVersion = 8.0.0;
			};
		};
/* End XCRemoteSwiftPackageReference section */

/* Begin XCSwiftPackageProductDependency section */
		C10C1F1B2E01BD6D00457E50 /* WodAiAPI */ = {
			isa = XCSwiftPackageProductDependency;
			productName = WodAiAPI;
		};
		C120B49C2FE4983600325F4B /* Sentry */ = {
			isa = XCSwiftPackageProductDependency;
			package = C120B49B2FE4983600325F4B /* XCRemoteSwiftPackageReference "sentry-cocoa" */;
			productName = Sentry;
		};
		C120B4A02FE4983600325F4B /* SentrySwiftUI */ = {
			isa = XCSwiftPackageProductDependency;
			package = C120B49B2FE4983600325F4B /* XCRemoteSwiftPackageReference "sentry-cocoa" */;
			productName = SentrySwiftUI;
		};
		C120B8E92FEB4B8E00325F4B /* WodAiAPI */ = {
			isa = XCSwiftPackageProductDependency;
			productName = WodAiAPI;
		};
		C12671EF2E03C3A400256993 /* WodAiAPI */ = {
			isa = XCSwiftPackageProductDependency;
			productName = WodAiAPI;
		};
		C12671F22E03C44B00256993 /* WodAiAPI */ = {
			isa = XCSwiftPackageProductDependency;
			productName = WodAiAPI;
		};
		C12671F52E03C4D700256993 /* WodAiAPI */ = {
			isa = XCSwiftPackageProductDependency;
			productName = WodAiAPI;
		};
		C12671F82E03C55F00256993 /* WodAiAPI */ = {
			isa = XCSwiftPackageProductDependency;
			productName = WodAiAPI;
		};
		C12671FA2E03C5C200256993 /* WodAiAPI */ = {
			isa = XCSwiftPackageProductDependency;
			productName = WodAiAPI;
		};
		C126721A2E03C73500256993 /* WodAiAPI */ = {
			isa = XCSwiftPackageProductDependency;
			productName = WodAiAPI;
		};
		C1446B4E2FE457BD00D7C814 /* WodAiAPI */ = {
			isa = XCSwiftPackageProductDependency;
			productName = WodAiAPI;
		};
		C16299432DB612C7003355D3 /* WodAiAPI */ = {
			isa = XCSwiftPackageProductDependency;
			productName = WodAiAPI;
		};
		C181A9382E37AC770083C8C4 /* WodAiAPI */ = {
			isa = XCSwiftPackageProductDependency;
			productName = WodAiAPI;
		};
		C1850AF12E47174100DA4B14 /* WodAiAPI */ = {
			isa = XCSwiftPackageProductDependency;
			productName = WodAiAPI;
		};
		C1850AFC2E47871B00DA4B14 /* WodAiAPI */ = {
			isa = XCSwiftPackageProductDependency;
			productName = WodAiAPI;
		};
		C1850B0F2E47B92900DA4B14 /* WodAiAPI */ = {
			isa = XCSwiftPackageProductDependency;
			productName = WodAiAPI;
		};
		C1850B202E49062C00DA4B14 /* WodAiAPI */ = {
			isa = XCSwiftPackageProductDependency;
			productName = WodAiAPI;
		};
		C1A12A592DBFD2CB00BB4776 /* WodAiAPI */ = {
			isa = XCSwiftPackageProductDependency;
			productName = WodAiAPI;
		};
		C1C1F7822DB8A3E6006A7BA4 /* Apollo */ = {
			isa = XCSwiftPackageProductDependency;
			package = C16298DC2DB5AD4D003355D3 /* XCRemoteSwiftPackageReference "apollo-ios" */;
			productName = Apollo;
		};
		C1C1F7892DB8A517006A7BA4 /* ApolloAPI */ = {
			isa = XCSwiftPackageProductDependency;
			package = C16298DC2DB5AD4D003355D3 /* XCRemoteSwiftPackageReference "apollo-ios" */;
			productName = ApolloAPI;
		};
		C1C1F78E2DB8A71A006A7BA4 /* ApolloSQLite */ = {
			isa = XCSwiftPackageProductDependency;
			package = C16298DC2DB5AD4D003355D3 /* XCRemoteSwiftPackageReference "apollo-ios" */;
			productName = ApolloSQLite;
		};
		C1C1F7902DB8A71A006A7BA4 /* ApolloTestSupport */ = {
			isa = XCSwiftPackageProductDependency;
			package = C16298DC2DB5AD4D003355D3 /* XCRemoteSwiftPackageReference "apollo-ios" */;
			productName = ApolloTestSupport;
		};
		C1C1F7B42DB8AA95006A7BA4 /* WodAiAPI */ = {
			isa = XCSwiftPackageProductDependency;
			productName = WodAiAPI;
		};
		C1D1B9592DBDBA0300932818 /* WodAiAPI */ = {
			isa = XCSwiftPackageProductDependency;
			productName = WodAiAPI;
		};
		C1D1B95B2DBECF0900932818 /* WodAiAPI */ = {
			isa = XCSwiftPackageProductDependency;
			productName = WodAiAPI;
		};
		C1D1BA392DBED84200932818 /* GoogleSignIn */ = {
			isa = XCSwiftPackageProductDependency;
			package = C1D1BA382DBED84200932818 /* XCRemoteSwiftPackageReference "GoogleSignIn-iOS" */;
			productName = GoogleSignIn;
		};
		C1D1BA3B2DBED84200932818 /* GoogleSignInSwift */ = {
			isa = XCSwiftPackageProductDependency;
			package = C1D1BA382DBED84200932818 /* XCRemoteSwiftPackageReference "GoogleSignIn-iOS" */;
			productName = GoogleSignInSwift;
		};
		C1D1BA432DBEDB6F00932818 /* WodAiAPI */ = {
			isa = XCSwiftPackageProductDependency;
			productName = WodAiAPI;
		};
		C1D1BA4A2DBF96B400932818 /* WodAiAPI */ = {
			isa = XCSwiftPackageProductDependency;
			productName = WodAiAPI;
		};
		C1D1BA512DBFAC0300932818 /* WodAiAPI */ = {
			isa = XCSwiftPackageProductDependency;
			productName = WodAiAPI;
		};
		C1E71D632E3682E3008E089E /* WodAiAPI */ = {
			isa = XCSwiftPackageProductDependency;
			productName = WodAiAPI;
		};
		C1F44FA42DF5616900546957 /* WodAiAPI */ = {
			isa = XCSwiftPackageProductDependency;
			productName = WodAiAPI;
		};
		C1FD15702ED7BDDB006D8701 /* ApolloWebSocket */ = {
			isa = XCSwiftPackageProductDependency;
			package = C16298DC2DB5AD4D003355D3 /* XCRemoteSwiftPackageReference "apollo-ios" */;
			productName = ApolloWebSocket;
		};
		C1FD15752ED7C0B2006D8701 /* WodAiAPI */ = {
			isa = XCSwiftPackageProductDependency;
			productName = WodAiAPI;
		};
		C1FD42D02E03BA8D00B4C824 /* WodAiAPI */ = {
			isa = XCSwiftPackageProductDependency;
			productName = WodAiAPI;
		};
		C1FD42DB2E03C27200B4C824 /* WodAiAPI */ = {
			isa = XCSwiftPackageProductDependency;
			productName = WodAiAPI;
		};
/* End XCSwiftPackageProductDependency section */
	};
	rootObject = C19950492DB0B9F800786544 /* Project object */;
}
